
Microsoft Visual Studio Solution File, Format Version 12.00
# Visual Studio 15
VisualStudioVersion = 15.0.28010.2019
MinimumVisualStudioVersion = 10.0.40219.1
Project("{FAE04EC0-301F-11D3-BF4B-00C04F79EFBC}") = "Hurtownie-ETL-Support", "Hurtownie-ETL-Support\Hurtownie-ETL-Support.csproj", "{DEB59A73-331D-4DFF-B35E-628078FE175C}"
EndProject
Global
	GlobalSection(SolutionConfigurationPlatforms) = preSolution
		Debug|Any CPU = Debug|Any CPU
		Release|Any CPU = Release|Any CPU
	EndGlobalSection
	GlobalSection(ProjectConfigurationPlatforms) = postSolution
		{DEB59A73-331D-4DFF-B35E-628078FE175C}.Debug|Any CPU.ActiveCfg = Debug|Any CPU
		{DEB59A73-331D-4DFF-B35E-628078FE175C}.Debug|Any CPU.Build.0 = Debug|Any CPU
		{DEB59A73-331D-4DFF-B35E-628078FE175C}.Release|Any CPU.ActiveCfg = Release|Any CPU
		{DEB59A73-331D-4DFF-B35E-628078FE175C}.Release|Any CPU.Build.0 = Release|Any CPU
	EndGlobalSection
	GlobalSection(SolutionProperties) = preSolution
		HideSolutionNode = FALSE
	EndGlobalSection
	GlobalSection(ExtensibilityGlobals) = postSolution
		SolutionGuid = {8A7E3A62-6A4A-492A-B956-D8C05B718B62}
	EndGlobalSection
EndGlobal
